
Microsoft Visual Studio Solution File, Format Version 12.00
# Visual Studio Version 17
VisualStudioVersion = 17.12.35707.178 d17.12
MinimumVisualStudioVersion = 10.0.40219.1
Project("{FAE04EC0-301F-11D3-BF4B-00C04F79EFBC}") = "BadgerClan-CodyClient.Maui", "BadgerClan-CodyClient.Maui\BadgerClan-CodyClient.Maui.csproj", "{366E9936-2634-4B17-B1C9-D5AE8BD05274}"
EndProject
Project("{FAE04EC0-301F-11D3-BF4B-00C04F79EFBC}") = "BadgerClan-CodyClient.API", "BadgerClan-CodyClient.API\BadgerClan-CodyClient.API.csproj", "{2C0C232D-9AF8-47E3-9E97-1064185AA3FB}"
EndProject
Project("{FAE04EC0-301F-11D3-BF4B-00C04F79EFBC}") = "BadgerClan-CodyClient.Library", "BadgerClan-CodyClient.Library\BadgerClan-CodyClient.Library.csproj", "{17DC0B47-6674-4C50-81F1-F80411EA316B}"
EndProject
Global
	GlobalSection(SolutionConfigurationPlatforms) = preSolution
		Debug|Any CPU = Debug|Any CPU
		Release|Any CPU = Release|Any CPU
	EndGlobalSection
	GlobalSection(ProjectConfigurationPlatforms) = postSolution
		{366E9936-2634-4B17-B1C9-D5AE8BD05274}.Debug|Any CPU.ActiveCfg = Debug|Any CPU
		{366E9936-2634-4B17-B1C9-D5AE8BD05274}.Debug|Any CPU.Build.0 = Debug|Any CPU
		{366E9936-2634-4B17-B1C9-D5AE8BD05274}.Release|Any CPU.ActiveCfg = Release|Any CPU
		{366E9936-2634-4B17-B1C9-D5AE8BD05274}.Release|Any CPU.Build.0 = Release|Any CPU
		{2C0C232D-9AF8-47E3-9E97-1064185AA3FB}.Debug|Any CPU.ActiveCfg = Debug|Any CPU
		{2C0C232D-9AF8-47E3-9E97-1064185AA3FB}.Debug|Any CPU.Build.0 = Debug|Any CPU
		{2C0C232D-9AF8-47E3-9E97-1064185AA3FB}.Release|Any CPU.ActiveCfg = Release|Any CPU
		{2C0C232D-9AF8-47E3-9E97-1064185AA3FB}.Release|Any CPU.Build.0 = Release|Any CPU
		{17DC0B47-6674-4C50-81F1-F80411EA316B}.Debug|Any CPU.ActiveCfg = Debug|Any CPU
		{17DC0B47-6674-4C50-81F1-F80411EA316B}.Debug|Any CPU.Build.0 = Debug|Any CPU
		{17DC0B47-6674-4C50-81F1-F80411EA316B}.Release|Any CPU.ActiveCfg = Release|Any CPU
		{17DC0B47-6674-4C50-81F1-F80411EA316B}.Release|Any CPU.Build.0 = Release|Any CPU
	EndGlobalSection
	GlobalSection(SolutionProperties) = preSolution
		HideSolutionNode = FALSE
	EndGlobalSection
EndGlobal
